
Microsoft Visual Studio Solution File, Format Version 12.00
# Visual Studio Version 17
VisualStudioVersion = 17.3.32819.101
MinimumVisualStudioVersion = 10.0.40219.1
Project("{FAE04EC0-301F-11D3-BF4B-00C04F79EFBC}") = "NumberFun", "NumberFun\NumberFun.csproj", "{03495F48-C4E4-4466-B23C-4314DED6FB9C}"
EndProject
Project("{FAE04EC0-301F-11D3-BF4B-00C04F79EFBC}") = "NumberFun.Test", "NumberFun.Test\NumberFun.Test.csproj", "{EFA1D8BA-89E8-41DA-B0BF-C032C0B01F9F}"
EndProject
Global
	GlobalSection(SolutionConfigurationPlatforms) = preSolution
		Debug|Any CPU = Debug|Any CPU
		Release|Any CPU = Release|Any CPU
	EndGlobalSection
	GlobalSection(ProjectConfigurationPlatforms) = postSolution
		{03495F48-C4E4-4466-B23C-4314DED6FB9C}.Debug|Any CPU.ActiveCfg = Debug|Any CPU
		{03495F48-C4E4-4466-B23C-4314DED6FB9C}.Debug|Any CPU.Build.0 = Debug|Any CPU
		{03495F48-C4E4-4466-B23C-4314DED6FB9C}.Release|Any CPU.ActiveCfg = Release|Any CPU
		{03495F48-C4E4-4466-B23C-4314DED6FB9C}.Release|Any CPU.Build.0 = Release|Any CPU
		{EFA1D8BA-89E8-41DA-B0BF-C032C0B01F9F}.Debug|Any CPU.ActiveCfg = Debug|Any CPU
		{EFA1D8BA-89E8-41DA-B0BF-C032C0B01F9F}.Debug|Any CPU.Build.0 = Debug|Any CPU
		{EFA1D8BA-89E8-41DA-B0BF-C032C0B01F9F}.Release|Any CPU.ActiveCfg = Release|Any CPU
		{EFA1D8BA-89E8-41DA-B0BF-C032C0B01F9F}.Release|Any CPU.Build.0 = Release|Any CPU
	EndGlobalSection
	GlobalSection(SolutionProperties) = preSolution
		HideSolutionNode = FALSE
	EndGlobalSection
	GlobalSection(ExtensibilityGlobals) = postSolution
		SolutionGuid = {65E3F450-6F0E-4833-B858-077033657807}
	EndGlobalSection
EndGlobal
